// !$*UTF8*$!
{
	archiveVersion = 1;
	classes = {
	};
	objectVersion = 55;
	objects = {

/* Begin PBXBuildFile section */
		8430D51A28691568005C8404 /* LogDestination.swift in Sources */ = {isa = PBXBuildFile; fileRef = 8430D51928691568005C8404 /* LogDestination.swift */; };
		8430D51E28692F7F005C8404 /* Delegates.swift in Sources */ = {isa = PBXBuildFile; fileRef = 8430D51D28692F7F005C8404 /* Delegates.swift */; };
		8430D52028693091005C8404 /* ShoppingExperienceViewModel.swift in Sources */ = {isa = PBXBuildFile; fileRef = 8430D51F28693091005C8404 /* ShoppingExperienceViewModel.swift */; };
		84B87C352868F41E0014FDDC /* AppDelegate.swift in Sources */ = {isa = PBXBuildFile; fileRef = 84B87C342868F41E0014FDDC /* AppDelegate.swift */; };
		84B87C372868F41E0014FDDC /* SceneDelegate.swift in Sources */ = {isa = PBXBuildFile; fileRef = 84B87C362868F41E0014FDDC /* SceneDelegate.swift */; };
		84B87C392868F41E0014FDDC /* ViewController.swift in Sources */ = {isa = PBXBuildFile; fileRef = 84B87C382868F41E0014FDDC /* ViewController.swift */; };
		84B87C3C2868F41E0014FDDC /* Main.storyboard in Resources */ = {isa = PBXBuildFile; fileRef = 84B87C3A2868F41E0014FDDC /* Main.storyboard */; };
		84B87C3E2868F4200014FDDC /* Assets.xcassets in Resources */ = {isa = PBXBuildFile; fileRef = 84B87C3D2868F4200014FDDC /* Assets.xcassets */; };
		84B87C412868F4200014FDDC /* LaunchScreen.storyboard in Resources */ = {isa = PBXBuildFile; fileRef = 84B87C3F2868F4200014FDDC /* LaunchScreen.storyboard */; };
		84B87C542868F5250014FDDC /* LocationHandler.swift in Sources */ = {isa = PBXBuildFile; fileRef = 84B87C492868F5250014FDDC /* LocationHandler.swift */; };
		84B87C552868F5250014FDDC /* PaymentHandler.swift in Sources */ = {isa = PBXBuildFile; fileRef = 84B87C4A2868F5250014FDDC /* PaymentHandler.swift */; };
		84B87C562868F5250014FDDC /* CartUseCase.swift in Sources */ = {isa = PBXBuildFile; fileRef = 84B87C4C2868F5250014FDDC /* CartUseCase.swift */; };
		84B87C572868F5250014FDDC /* OrderUseCase.swift in Sources */ = {isa = PBXBuildFile; fileRef = 84B87C4D2868F5250014FDDC /* OrderUseCase.swift */; };
		84B87C582868F5250014FDDC /* Models.swift in Sources */ = {isa = PBXBuildFile; fileRef = 84B87C4F2868F5250014FDDC /* Models.swift */; };
		84B87C592868F5250014FDDC /* CartViewModel.swift in Sources */ = {isa = PBXBuildFile; fileRef = 84B87C512868F5250014FDDC /* CartViewModel.swift */; };
		84B87C5A2868F5250014FDDC /* OrderViewModel.swift in Sources */ = {isa = PBXBuildFile; fileRef = 84B87C522868F5250014FDDC /* OrderViewModel.swift */; };
		84B87C5B2868F5250014FDDC /* NSShoppingExperienceViewModel.swift in Sources */ = {isa = PBXBuildFile; fileRef = 84B87C532868F5250014FDDC /* NSShoppingExperienceViewModel.swift */; };
/* End PBXBuildFile section */

/* Begin PBXFileReference section */
		8430D51928691568005C8404 /* LogDestination.swift */ = {isa = PBXFileReference; lastKnownFileType = sourcecode.swift; path = LogDestination.swift; sourceTree = "<group>"; };
		8430D51D28692F7F005C8404 /* Delegates.swift */ = {isa = PBXFileReference; lastKnownFileType = sourcecode.swift; path = Delegates.swift; sourceTree = "<group>"; };
		8430D51F28693091005C8404 /* ShoppingExperienceViewModel.swift */ = {isa = PBXFileReference; lastKnownFileType = sourcecode.swift; path = ShoppingExperienceViewModel.swift; sourceTree = "<group>"; };
		84B87C312868F41E0014FDDC /* SF_ShoppingPage.app */ = {isa = PBXFileReference; explicitFileType = wrapper.application; includeInIndex = 0; path = SF_ShoppingPage.app; sourceTree = BUILT_PRODUCTS_DIR; };
		84B87C342868F41E0014FDDC /* AppDelegate.swift */ = {isa = PBXFileReference; lastKnownFileType = sourcecode.swift; path = AppDelegate.swift; sourceTree = "<group>"; };
		84B87C362868F41E0014FDDC /* SceneDelegate.swift */ = {isa = PBXFileReference; lastKnownFileType = sourcecode.swift; path = SceneDelegate.swift; sourceTree = "<group>"; };
		84B87C382868F41E0014FDDC /* ViewController.swift */ = {isa = PBXFileReference; lastKnownFileType = sourcecode.swift; path = ViewController.swift; sourceTree = "<group>"; };
		84B87C3B2868F41E0014FDDC /* Base */ = {isa = PBXFileReference; lastKnownFileType = file.storyboard; name = Base; path = Base.lproj/Main.storyboard; sourceTree = "<group>"; };
		84B87C3D2868F4200014FDDC /* Assets.xcassets */ = {isa = PBXFileReference; lastKnownFileType = folder.assetcatalog; path = Assets.xcassets; sourceTree = "<group>"; };
		84B87C402868F4200014FDDC /* Base */ = {isa = PBXFileReference; lastKnownFileType = file.storyboard; name = Base; path = Base.lproj/LaunchScreen.storyboard; sourceTree = "<group>"; };
		84B87C422868F4200014FDDC /* Info.plist */ = {isa = PBXFileReference; lastKnownFileType = text.plist.xml; path = Info.plist; sourceTree = "<group>"; };
		84B87C492868F5250014FDDC /* LocationHandler.swift */ = {isa = PBXFileReference; fileEncoding = 4; lastKnownFileType = sourcecode.swift; path = LocationHandler.swift; sourceTree = "<group>"; };
		84B87C4A2868F5250014FDDC /* PaymentHandler.swift */ = {isa = PBXFileReference; fileEncoding = 4; lastKnownFileType = sourcecode.swift; path = PaymentHandler.swift; sourceTree = "<group>"; };
		84B87C4C2868F5250014FDDC /* CartUseCase.swift */ = {isa = PBXFileReference; fileEncoding = 4; lastKnownFileType = sourcecode.swift; path = CartUseCase.swift; sourceTree = "<group>"; };
		84B87C4D2868F5250014FDDC /* OrderUseCase.swift */ = {isa = PBXFileReference; fileEncoding = 4; lastKnownFileType = sourcecode.swift; path = OrderUseCase.swift; sourceTree = "<group>"; };
		84B87C4F2868F5250014FDDC /* Models.swift */ = {isa = PBXFileReference; fileEncoding = 4; lastKnownFileType = sourcecode.swift; path = Models.swift; sourceTree = "<group>"; };
		84B87C512868F5250014FDDC /* CartViewModel.swift */ = {isa = PBXFileReference; fileEncoding = 4; lastKnownFileType = sourcecode.swift; path = CartViewModel.swift; sourceTree = "<group>"; };
		84B87C522868F5250014FDDC /* OrderViewModel.swift */ = {isa = PBXFileReference; fileEncoding = 4; lastKnownFileType = sourcecode.swift; path = OrderViewModel.swift; sourceTree = "<group>"; };
		84B87C532868F5250014FDDC /* NSShoppingExperienceViewModel.swift */ = {isa = PBXFileReference; fileEncoding = 4; lastKnownFileType = sourcecode.swift; path = NSShoppingExperienceViewModel.swift; sourceTree = "<group>"; };
/* End PBXFileReference section */

/* Begin PBXFrameworksBuildPhase section */
		84B87C2E2868F41E0014FDDC /* Frameworks */ = {
			isa = PBXFrameworksBuildPhase;
			buildActionMask = 2147483647;
			files = (
			);
			runOnlyForDeploymentPostprocessing = 0;
		};
/* End PBXFrameworksBuildPhase section */

/* Begin PBXGroup section */
		84B87C282868F41E0014FDDC = {
			isa = PBXGroup;
			children = (
				84B87C332868F41E0014FDDC /* SF_ShoppingPage */,
				84B87C322868F41E0014FDDC /* Products */,
			);
			sourceTree = "<group>";
		};
		84B87C322868F41E0014FDDC /* Products */ = {
			isa = PBXGroup;
			children = (
				84B87C312868F41E0014FDDC /* SF_ShoppingPage.app */,
			);
			name = Products;
			sourceTree = "<group>";
		};
		84B87C332868F41E0014FDDC /* SF_ShoppingPage */ = {
			isa = PBXGroup;
			children = (
				84B87C482868F5250014FDDC /* _Other Sources */,
				84B87C4E2868F5250014FDDC /* Supporting Files */,
				84B87C4B2868F5250014FDDC /* UseCase */,
				84B87C502868F5250014FDDC /* ViewModels */,
				84B87C342868F41E0014FDDC /* AppDelegate.swift */,
				84B87C362868F41E0014FDDC /* SceneDelegate.swift */,
				84B87C382868F41E0014FDDC /* ViewController.swift */,
				84B87C3A2868F41E0014FDDC /* Main.storyboard */,
				84B87C3D2868F4200014FDDC /* Assets.xcassets */,
				84B87C3F2868F4200014FDDC /* LaunchScreen.storyboard */,
				84B87C422868F4200014FDDC /* Info.plist */,
			);
			path = SF_ShoppingPage;
			sourceTree = "<group>";
		};
		84B87C482868F5250014FDDC /* _Other Sources */ = {
			isa = PBXGroup;
			children = (
				84B87C492868F5250014FDDC /* LocationHandler.swift */,
				84B87C4A2868F5250014FDDC /* PaymentHandler.swift */,
				8430D51928691568005C8404 /* LogDestination.swift */,
			);
			path = "_Other Sources";
			sourceTree = "<group>";
		};
		84B87C4B2868F5250014FDDC /* UseCase */ = {
			isa = PBXGroup;
			children = (
				84B87C4C2868F5250014FDDC /* CartUseCase.swift */,
				84B87C4D2868F5250014FDDC /* OrderUseCase.swift */,
			);
			path = UseCase;
			sourceTree = "<group>";
		};
		84B87C4E2868F5250014FDDC /* Supporting Files */ = {
			isa = PBXGroup;
			children = (
				84B87C4F2868F5250014FDDC /* Models.swift */,
				8430D51D28692F7F005C8404 /* Delegates.swift */,
			);
			path = "Supporting Files";
			sourceTree = "<group>";
		};
		84B87C502868F5250014FDDC /* ViewModels */ = {
			isa = PBXGroup;
			children = (
				84B87C512868F5250014FDDC /* CartViewModel.swift */,
				84B87C522868F5250014FDDC /* OrderViewModel.swift */,
				84B87C532868F5250014FDDC /* NSShoppingExperienceViewModel.swift */,
				8430D51F28693091005C8404 /* ShoppingExperienceViewModel.swift */,
			);
			path = ViewModels;
			sourceTree = "<group>";
		};
/* End PBXGroup section */

/* Begin PBXNativeTarget section */
		84B87C302868F41E0014FDDC /* SF_ShoppingPage */ = {
			isa = PBXNativeTarget;
			buildConfigurationList = 84B87C452868F4200014FDDC /* Build configuration list for PBXNativeTarget "SF_ShoppingPage" */;
			buildPhases = (
				84B87C2D2868F41E0014FDDC /* Sources */,
				84B87C2E2868F41E0014FDDC /* Frameworks */,
				84B87C2F2868F41E0014FDDC /* Resources */,
			);
			buildRules = (
			);
			dependencies = (
			);
			name = SF_ShoppingPage;
			productName = "SOLID Foundations: ShoppingPage";
			productReference = 84B87C312868F41E0014FDDC /* SF_ShoppingPage.app */;
			productType = "com.apple.product-type.application";
		};
/* End PBXNativeTarget section */

/* Begin PBXProject section */
		84B87C292868F41E0014FDDC /* Project object */ = {
			isa = PBXProject;
			attributes = {
				BuildIndependentTargetsInParallel = 1;
				LastSwiftUpdateCheck = 1320;
				LastUpgradeCheck = 1320;
				TargetAttributes = {
					84B87C302868F41E0014FDDC = {
						CreatedOnToolsVersion = 13.2.1;
					};
				};
			};
			buildConfigurationList = 84B87C2C2868F41E0014FDDC /* Build configuration list for PBXProject "SF_ShoppingPage" */;
			compatibilityVersion = "Xcode 13.0";
			developmentRegion = en;
			hasScannedForEncodings = 0;
			knownRegions = (
				en,
				Base,
			);
			mainGroup = 84B87C282868F41E0014FDDC;
			productRefGroup = 84B87C322868F41E0014FDDC /* Products */;
			projectDirPath = "";
			projectRoot = "";
			targets = (
				84B87C302868F41E0014FDDC /* SF_ShoppingPage */,
			);
		};
/* End PBXProject section */

/* Begin PBXResourcesBuildPhase section */
		84B87C2F2868F41E0014FDDC /* Resources */ = {
			isa = PBXResourcesBuildPhase;
			buildActionMask = 2147483647;
			files = (
				84B87C412868F4200014FDDC /* LaunchScreen.storyboard in Resources */,
				84B87C3E2868F4200014FDDC /* Assets.xcassets in Resources */,
				84B87C3C2868F41E0014FDDC /* Main.storyboard in Resources */,
			);
			runOnlyForDeploymentPostprocessing = 0;
		};
/* End PBXResourcesBuildPhase section */

/* Begin PBXSourcesBuildPhase section */
		84B87C2D2868F41E0014FDDC /* Sources */ = {
			isa = PBXSourcesBuildPhase;
			buildActionMask = 2147483647;
			files = (
				84B87C392868F41E0014FDDC /* ViewController.swift in Sources */,
				84B87C562868F5250014FDDC /* CartUseCase.swift in Sources */,
				84B87C552868F5250014FDDC /* PaymentHandler.swift in Sources */,
				84B87C582868F5250014FDDC /* Models.swift in Sources */,
				8430D52028693091005C8404 /* ShoppingExperienceViewModel.swift in Sources */,
				84B87C352868F41E0014FDDC /* AppDelegate.swift in Sources */,
				84B87C5B2868F5250014FDDC /* NSShoppingExperienceViewModel.swift in Sources */,
				84B87C372868F41E0014FDDC /* SceneDelegate.swift in Sources */,
				8430D51A28691568005C8404 /* LogDestination.swift in Sources */,
				84B87C592868F5250014FDDC /* CartViewModel.swift in Sources */,
				84B87C5A2868F5250014FDDC /* OrderViewModel.swift in Sources */,
				8430D51E28692F7F005C8404 /* Delegates.swift in Sources */,
				84B87C542868F5250014FDDC /* LocationHandler.swift in Sources */,
				84B87C572868F5250014FDDC /* OrderUseCase.swift in Sources */,
			);
			runOnlyForDeploymentPostprocessing = 0;
		};
/* End PBXSourcesBuildPhase section */

/* Begin PBXVariantGroup section */
		84B87C3A2868F41E0014FDDC /* Main.storyboard */ = {
			isa = PBXVariantGroup;
			children = (
				84B87C3B2868F41E0014FDDC /* Base */,
			);
			name = Main.storyboard;
			sourceTree = "<group>";
		};
		84B87C3F2868F4200014FDDC /* LaunchScreen.storyboard */ = {
			isa = PBXVariantGroup;
			children = (
				84B87C402868F4200014FDDC /* Base */,
			);
			name = LaunchScreen.storyboard;
			sourceTree = "<group>";
		};
/* End PBXVariantGroup section */

/* Begin XCBuildConfiguration section */
		84B87C432868F4200014FDDC /* Debug */ = {
			isa = XCBuildConfiguration;
			buildSettings = {
				ALWAYS_SEARCH_USER_PATHS = NO;
				CLANG_ANALYZER_NONNULL = YES;
				CLANG_ANALYZER_NUMBER_OBJECT_CONVERSION = YES_AGGRESSIVE;
				CLANG_CXX_LANGUAGE_STANDARD = "gnu++17";
				CLANG_CXX_LIBRARY = "libc++";
				CLANG_ENABLE_MODULES = YES;
				CLANG_ENABLE_OBJC_ARC = YES;
				CLANG_ENABLE_OBJC_WEAK = YES;
				CLANG_WARN_BLOCK_CAPTURE_AUTORELEASING = YES;
				CLANG_WARN_BOOL_CONVERSION = YES;
				CLANG_WARN_COMMA = YES;
				CLANG_WARN_CONSTANT_CONVERSION = YES;
				CLANG_WARN_DEPRECATED_OBJC_IMPLEMENTATIONS = YES;
				CLANG_WARN_DIRECT_OBJC_ISA_USAGE = YES_ERROR;
				CLANG_WARN_DOCUMENTATION_COMMENTS = YES;
				CLANG_WARN_EMPTY_BODY = YES;
				CLANG_WARN_ENUM_CONVERSION = YES;
				CLANG_WARN_INFINITE_RECURSION = YES;
				CLANG_WARN_INT_CONVERSION = YES;
				CLANG_WARN_NON_LITERAL_NULL_CONVERSION = YES;
				CLANG_WARN_OBJC_IMPLICIT_RETAIN_SELF = YES;
				CLANG_WARN_OBJC_LITERAL_CONVERSION = YES;
				CLANG_WARN_OBJC_ROOT_CLASS = YES_ERROR;
				CLANG_WARN_QUOTED_INCLUDE_IN_FRAMEWORK_HEADER = YES;
				CLANG_WARN_RANGE_LOOP_ANALYSIS = YES;
				CLANG_WARN_STRICT_PROTOTYPES = YES;
				CLANG_WARN_SUSPICIOUS_MOVE = YES;
				CLANG_WARN_UNGUARDED_AVAILABILITY = YES_AGGRESSIVE;
				CLANG_WARN_UNREACHABLE_CODE = YES;
				CLANG_WARN__DUPLICATE_METHOD_MATCH = YES;
				COPY_PHASE_STRIP = NO;
				DEBUG_INFORMATION_FORMAT = dwarf;
				ENABLE_STRICT_OBJC_MSGSEND = YES;
				ENABLE_TESTABILITY = YES;
				GCC_C_LANGUAGE_STANDARD = gnu11;
				GCC_DYNAMIC_NO_PIC = NO;
				GCC_NO_COMMON_BLOCKS = YES;
				GCC_OPTIMIZATION_LEVEL = 0;
				GCC_PREPROCESSOR_DEFINITIONS = (
					"DEBUG=1",
					"$(inherited)",
				);
				GCC_WARN_64_TO_32_BIT_CONVERSION = YES;
				GCC_WARN_ABOUT_RETURN_TYPE = YES_ERROR;
				GCC_WARN_UNDECLARED_SELECTOR = YES;
				GCC_WARN_UNINITIALIZED_AUTOS = YES_AGGRESSIVE;
				GCC_WARN_UNUSED_FUNCTION = YES;
				GCC_WARN_UNUSED_VARIABLE = YES;
				IPHONEOS_DEPLOYMENT_TARGET = 15.0;
				MTL_ENABLE_DEBUG_INFO = INCLUDE_SOURCE;
				MTL_FAST_MATH = YES;
				ONLY_ACTIVE_ARCH = YES;
				SDKROOT = iphoneos;
				SWIFT_ACTIVE_COMPILATION_CONDITIONS = DEBUG;
				SWIFT_OPTIMIZATION_LEVEL = "-Onone";
			};
			name = Debug;
		};
		84B87C442868F4200014FDDC /* Release */ = {
			isa = XCBuildConfiguration;
			buildSettings = {
				ALWAYS_SEARCH_USER_PATHS = NO;
				CLANG_ANALYZER_NONNULL = YES;
				CLANG_ANALYZER_NUMBER_OBJECT_CONVERSION = YES_AGGRESSIVE;
				CLANG_CXX_LANGUAGE_STANDARD = "gnu++17";
				CLANG_CXX_LIBRARY = "libc++";
				CLANG_ENABLE_MODULES = YES;
				CLANG_ENABLE_OBJC_ARC = YES;
				CLANG_ENABLE_OBJC_WEAK = YES;
				CLANG_WARN_BLOCK_CAPTURE_AUTORELEASING = YES;
				CLANG_WARN_BOOL_CONVERSION = YES;
				CLANG_WARN_COMMA = YES;
				CLANG_WARN_CONSTANT_CONVERSION = YES;
				CLANG_WARN_DEPRECATED_OBJC_IMPLEMENTATIONS = YES;
				CLANG_WARN_DIRECT_OBJC_ISA_USAGE = YES_ERROR;
				CLANG_WARN_DOCUMENTATION_COMMENTS = YES;
				CLANG_WARN_EMPTY_BODY = YES;
				CLANG_WARN_ENUM_CONVERSION = YES;
				CLANG_WARN_INFINITE_RECURSION = YES;
				CLANG_WARN_INT_CONVERSION = YES;
				CLANG_WARN_NON_LITERAL_NULL_CONVERSION = YES;
				CLANG_WARN_OBJC_IMPLICIT_RETAIN_SELF = YES;
				CLANG_WARN_OBJC_LITERAL_CONVERSION = YES;
				CLANG_WARN_OBJC_ROOT_CLASS = YES_ERROR;
				CLANG_WARN_QUOTED_INCLUDE_IN_FRAMEWORK_HEADER = YES;
				CLANG_WARN_RANGE_LOOP_ANALYSIS = YES;
				CLANG_WARN_STRICT_PROTOTYPES = YES;
				CLANG_WARN_SUSPICIOUS_MOVE = YES;
				CLANG_WARN_UNGUARDED_AVAILABILITY = YES_AGGRESSIVE;
				CLANG_WARN_UNREACHABLE_CODE = YES;
				CLANG_WARN__DUPLICATE_METHOD_MATCH = YES;
				COPY_PHASE_STRIP = NO;
				DEBUG_INFORMATION_FORMAT = "dwarf-with-dsym";
				ENABLE_NS_ASSERTIONS = NO;
				ENABLE_STRICT_OBJC_MSGSEND = YES;
				GCC_C_LANGUAGE_STANDARD = gnu11;
				GCC_NO_COMMON_BLOCKS = YES;
				GCC_WARN_64_TO_32_BIT_CONVERSION = YES;
				GCC_WARN_ABOUT_RETURN_TYPE = YES_ERROR;
				GCC_WARN_UNDECLARED_SELECTOR = YES;
				GCC_WARN_UNINITIALIZED_AUTOS = YES_AGGRESSIVE;
				GCC_WARN_UNUSED_FUNCTION = YES;
				GCC_WARN_UNUSED_VARIABLE = YES;
				IPHONEOS_DEPLOYMENT_TARGET = 15.0;
				MTL_ENABLE_DEBUG_INFO = NO;
				MTL_FAST_MATH = YES;
				SDKROOT = iphoneos;
				SWIFT_COMPILATION_MODE = wholemodule;
				SWIFT_OPTIMIZATION_LEVEL = "-O";
				VALIDATE_PRODUCT = YES;
			};
			name = Release;
		};
		84B87C462868F4200014FDDC /* Debug */ = {
			isa = XCBuildConfiguration;
			buildSettings = {
				ASSETCATALOG_COMPILER_APPICON_NAME = AppIcon;
				ASSETCATALOG_COMPILER_GLOBAL_ACCENT_COLOR_NAME = AccentColor;
				CODE_SIGN_STYLE = Automatic;
				CURRENT_PROJECT_VERSION = 1;
				DEVELOPMENT_TEAM = 3HC8HDK5T4;
				GENERATE_INFOPLIST_FILE = YES;
				INFOPLIST_FILE = SF_ShoppingPage/Info.plist;
				INFOPLIST_KEY_UIApplicationSupportsIndirectInputEvents = YES;
				INFOPLIST_KEY_UILaunchStoryboardName = LaunchScreen;
				INFOPLIST_KEY_UIMainStoryboardFile = Main;
				INFOPLIST_KEY_UISupportedInterfaceOrientations_iPad = "UIInterfaceOrientationPortrait UIInterfaceOrientationPortraitUpsideDown UIInterfaceOrientationLandscapeLeft UIInterfaceOrientationLandscapeRight";
				INFOPLIST_KEY_UISupportedInterfaceOrientations_iPhone = "UIInterfaceOrientationPortrait UIInterfaceOrientationLandscapeLeft UIInterfaceOrientationLandscapeRight";
				IPHONEOS_DEPLOYMENT_TARGET = 15.0;
				LD_RUNPATH_SEARCH_PATHS = (
					"$(inherited)",
					"@executable_path/Frameworks",
				);
				MARKETING_VERSION = 1.0;
				PRODUCT_BUNDLE_IDENTIFIER = "com.deyvidyfs.SOLID-Foundations--ShoppingPage";
				PRODUCT_NAME = "$(TARGET_NAME)";
				SWIFT_EMIT_LOC_STRINGS = YES;
				SWIFT_VERSION = 5.0;
				TARGETED_DEVICE_FAMILY = 1;
			};
			name = Debug;
		};
		84B87C472868F4200014FDDC /* Release */ = {
			isa = XCBuildConfiguration;
			buildSettings = {
				ASSETCATALOG_COMPILER_APPICON_NAME = AppIcon;
				ASSETCATALOG_COMPILER_GLOBAL_ACCENT_COLOR_NAME = AccentColor;
				CODE_SIGN_STYLE = Automatic;
				CURRENT_PROJECT_VERSION = 1;
				DEVELOPMENT_TEAM = 3HC8HDK5T4;
				GENERATE_INFOPLIST_FILE = YES;
				INFOPLIST_FILE = SF_ShoppingPage/Info.plist;
				INFOPLIST_KEY_UIApplicationSupportsIndirectInputEvents = YES;
				INFOPLIST_KEY_UILaunchStoryboardName = LaunchScreen;
				INFOPLIST_KEY_UIMainStoryboardFile = Main;
				INFOPLIST_KEY_UISupportedInterfaceOrientations_iPad = "UIInterfaceOrientationPortrait UIInterfaceOrientationPortraitUpsideDown UIInterfaceOrientationLandscapeLeft UIInterfaceOrientationLandscapeRight";
				INFOPLIST_KEY_UISupportedInterfaceOrientations_iPhone = "UIInterfaceOrientationPortrait UIInterfaceOrientationLandscapeLeft UIInterfaceOrientationLandscapeRight";
				IPHONEOS_DEPLOYMENT_TARGET = 15.0;
				LD_RUNPATH_SEARCH_PATHS = (
					"$(inherited)",
					"@executable_path/Frameworks",
				);
				MARKETING_VERSION = 1.0;
				PRODUCT_BUNDLE_IDENTIFIER = "com.deyvidyfs.SOLID-Foundations--ShoppingPage";
				PRODUCT_NAME = "$(TARGET_NAME)";
				SWIFT_EMIT_LOC_STRINGS = YES;
				SWIFT_VERSION = 5.0;
				TARGETED_DEVICE_FAMILY = 1;
			};
			name = Release;
		};
/* End XCBuildConfiguration section */

/* Begin XCConfigurationList section */
		84B87C2C2868F41E0014FDDC /* Build configuration list for PBXProject "SF_ShoppingPage" */ = {
			isa = XCConfigurationList;
			buildConfigurations = (
				84B87C432868F4200014FDDC /* Debug */,
				84B87C442868F4200014FDDC /* Release */,
			);
			defaultConfigurationIsVisible = 0;
			defaultConfigurationName = Release;
		};
		84B87C452868F4200014FDDC /* Build configuration list for PBXNativeTarget "SF_ShoppingPage" */ = {
			isa = XCConfigurationList;
			buildConfigurations = (
				84B87C462868F4200014FDDC /* Debug */,
				84B87C472868F4200014FDDC /* Release */,
			);
			defaultConfigurationIsVisible = 0;
			defaultConfigurationName = Release;
		};
/* End XCConfigurationList section */
	};
	rootObject = 84B87C292868F41E0014FDDC /* Project object */;
}
